
Microsoft Visual Studio Solution File, Format Version 12.00
# Visual Studio Version 17
VisualStudioVersion = 17.1.32210.238
MinimumVisualStudioVersion = 10.0.40219.1
Project("{FAE04EC0-301F-11D3-BF4B-00C04F79EFBC}") = "Kalkulator", "Kalkulator.csproj", "{67D22BEE-B158-4F7D-B05F-A87C8D84BC9A}"
EndProject
Global
	GlobalSection(SolutionConfigurationPlatforms) = preSolution
		Debug|Any CPU = Debug|Any CPU
		Release|Any CPU = Release|Any CPU
	EndGlobalSection
	GlobalSection(ProjectConfigurationPlatforms) = postSolution
		{67D22BEE-B158-4F7D-B05F-A87C8D84BC9A}.Debug|Any CPU.ActiveCfg = Debug|Any CPU
		{67D22BEE-B158-4F7D-B05F-A87C8D84BC9A}.Debug|Any CPU.Build.0 = Debug|Any CPU
		{67D22BEE-B158-4F7D-B05F-A87C8D84BC9A}.Release|Any CPU.ActiveCfg = Release|Any CPU
		{67D22BEE-B158-4F7D-B05F-A87C8D84BC9A}.Release|Any CPU.Build.0 = Release|Any CPU
	EndGlobalSection
	GlobalSection(SolutionProperties) = preSolution
		HideSolutionNode = FALSE
	EndGlobalSection
	GlobalSection(ExtensibilityGlobals) = postSolution
		SolutionGuid = {EF1ABA4E-1871-4FDE-A4FD-60095599713F}
	EndGlobalSection
EndGlobal
